
Microsoft Visual Studio Solution File, Format Version 12.00
# Visual Studio 14
VisualStudioVersion = 14.0.25420.1
MinimumVisualStudioVersion = 10.0.40219.1
Project("{FAE04EC0-301F-11D3-BF4B-00C04F79EFBC}") = "ProjetoUnidade2.MVC.WEB", "ProjetoUnidade2.MVC.WEB\ProjetoUnidade2.MVC.WEB.csproj", "{0E7B3974-C21B-4C24-B1A4-5138E8F214F9}"
EndProject
Global
	GlobalSection(SolutionConfigurationPlatforms) = preSolution
		Debug|Any CPU = Debug|Any CPU
		Release|Any CPU = Release|Any CPU
	EndGlobalSection
	GlobalSection(ProjectConfigurationPlatforms) = postSolution
		{0E7B3974-C21B-4C24-B1A4-5138E8F214F9}.Debug|Any CPU.ActiveCfg = Debug|Any CPU
		{0E7B3974-C21B-4C24-B1A4-5138E8F214F9}.Debug|Any CPU.Build.0 = Debug|Any CPU
		{0E7B3974-C21B-4C24-B1A4-5138E8F214F9}.Release|Any CPU.ActiveCfg = Release|Any CPU
		{0E7B3974-C21B-4C24-B1A4-5138E8F214F9}.Release|Any CPU.Build.0 = Release|Any CPU
	EndGlobalSection
	GlobalSection(SolutionProperties) = preSolution
		HideSolutionNode = FALSE
	EndGlobalSection
EndGlobal
